Microsoft Visual Studio Solution File, Format Version 12.00
# Visual Studio Version 17
VisualStudioVersion = 17.5.2.0
MinimumVisualStudioVersion = 10.0.40219.1
Project("{FAE04EC0-301F-11D3-BF4B-00C04F79EFBC}") = "robot-api", "robot-api.csproj", "{0F13F4A2-DF97-D1C7-309A-CD9901B0C613}"
EndProject
Global
	GlobalSection(SolutionConfigurationPlatforms) = preSolution
		Debug|Any CPU = Debug|Any CPU
		Release|Any CPU = Release|Any CPU
	EndGlobalSection
	GlobalSection(ProjectConfigurationPlatforms) = postSolution
		{0F13F4A2-DF97-D1C7-309A-CD9901B0C613}.Debug|Any CPU.ActiveCfg = Debug|Any CPU
		{0F13F4A2-DF97-D1C7-309A-CD9901B0C613}.Debug|Any CPU.Build.0 = Debug|Any CPU
		{0F13F4A2-DF97-D1C7-309A-CD9901B0C613}.Release|Any CPU.ActiveCfg = Release|Any CPU
		{0F13F4A2-DF97-D1C7-309A-CD9901B0C613}.Release|Any CPU.Build.0 = Release|Any CPU
	EndGlobalSection
	GlobalSection(SolutionProperties) = preSolution
		HideSolutionNode = FALSE
	EndGlobalSection
	GlobalSection(ExtensibilityGlobals) = postSolution
		SolutionGuid = {636B51EC-0FFB-4E51-BA6E-0139B758E77F}
	EndGlobalSection
EndGlobal
